// !$*UTF8*$!
{
	archiveVersion = 1;
	classes = {
	};
	objectVersion = 56;
	objects = {

/* Begin PBXBuildFile section */
		0F15F9B229BB60EF00D4A5EB /* View Modifiers.swift in Sources */ = {isa = PBXBuildFile; fileRef = 0F15F9B129BB60EF00D4A5EB /* View Modifiers.swift */; };
		0F24E0E529B1E21F0068463F /* AppURLS.swift in Sources */ = {isa = PBXBuildFile; fileRef = 0F24E0E429B1E21F0068463F /* AppURLS.swift */; };
		0F24E0E729B1FDF00068463F /* Strings.swift in Sources */ = {isa = PBXBuildFile; fileRef = 0F24E0E629B1FDF00068463F /* Strings.swift */; };
		0F3E3F4A29BC9E6100B300A0 /* Service.swift in Sources */ = {isa = PBXBuildFile; fileRef = 0F3E3F4929BC9E6100B300A0 /* Service.swift */; };
		0F3E3F4C29BCA5C000B300A0 /* NetworkServiceTests.swift in Sources */ = {isa = PBXBuildFile; fileRef = 0F3E3F4B29BCA5C000B300A0 /* NetworkServiceTests.swift */; };
		0F3E3F5029BDF99700B300A0 /* Network Monitor.swift in Sources */ = {isa = PBXBuildFile; fileRef = 0F3E3F4F29BDF99700B300A0 /* Network Monitor.swift */; };
		0F3E3F5A29BDFF8200B300A0 /* LottieView.swift in Sources */ = {isa = PBXBuildFile; fileRef = 0F3E3F5929BDFF8200B300A0 /* LottieView.swift */; };
		0F45321129B7C10500D0B7BA /* TrendingGithubRepos.swift in Sources */ = {isa = PBXBuildFile; fileRef = 0F45321029B7C10500D0B7BA /* TrendingGithubRepos.swift */; };
		0F4C522F29BBB567004DAC22 /* URLImage in Frameworks */ = {isa = PBXBuildFile; productRef = 0F4C522E29BBB567004DAC22 /* URLImage */; };
		0F4C523129BBB567004DAC22 /* URLImageStore in Frameworks */ = {isa = PBXBuildFile; productRef = 0F4C523029BBB567004DAC22 /* URLImageStore */; };
		0F73228129B72E5100048023 /* Inspection.swift in Sources */ = {isa = PBXBuildFile; fileRef = 0F73228029B72E5100048023 /* Inspection.swift */; };
		0F73228529B7308C00048023 /* Inspectable+Model.swift in Sources */ = {isa = PBXBuildFile; fileRef = 0F73228429B7308C00048023 /* Inspectable+Model.swift */; };
		0F8C72E629B9E5BC006E9F31 /* Model.swift in Sources */ = {isa = PBXBuildFile; fileRef = 0F8C72E529B9E5BC006E9F31 /* Model.swift */; };
		0F99643929BE1E5600B551D9 /* Lottie in Frameworks */ = {isa = PBXBuildFile; productRef = 0F99643829BE1E5600B551D9 /* Lottie */; };
		0F99643B29BE1F8A00B551D9 /* Lottie in Frameworks */ = {isa = PBXBuildFile; productRef = 0F99643A29BE1F8A00B551D9 /* Lottie */; };
		0F99643D29BE210E00B551D9 /* request_failed_retry.json in Resources */ = {isa = PBXBuildFile; fileRef = 0F99643C29BE210E00B551D9 /* request_failed_retry.json */; };
		0FBACB5129BB794C004C12F9 /* SceneDelegate.swift in Sources */ = {isa = PBXBuildFile; fileRef = 0FBACB5029BB794C004C12F9 /* SceneDelegate.swift */; };
		0FD3052029B0978800651B1D /* TrendingGithubReposApp.swift in Sources */ = {isa = PBXBuildFile; fileRef = 0FD3051F29B0978800651B1D /* TrendingGithubReposApp.swift */; };
		0FD3052229B0978800651B1D /* PersistenceManager.swift in Sources */ = {isa = PBXBuildFile; fileRef = 0FD3052129B0978800651B1D /* PersistenceManager.swift */; };
		0FD3052529B0978800651B1D /* TrendingRepos.xcdatamodeld in Sources */ = {isa = PBXBuildFile; fileRef = 0FD3052329B0978800651B1D /* TrendingRepos.xcdatamodeld */; };
		0FD3052729B0978800651B1D /* TrendingReposView.swift in Sources */ = {isa = PBXBuildFile; fileRef = 0FD3052629B0978800651B1D /* TrendingReposView.swift */; };
		0FD3052929B0978900651B1D /* Assets.xcassets in Resources */ = {isa = PBXBuildFile; fileRef = 0FD3052829B0978900651B1D /* Assets.xcassets */; };
		0FD3052D29B0978900651B1D /* Preview Assets.xcassets in Resources */ = {isa = PBXBuildFile; fileRef = 0FD3052C29B0978900651B1D /* Preview Assets.xcassets */; };
		0FD3053729B0978A00651B1D /* TrendingReposTests.swift in Sources */ = {isa = PBXBuildFile; fileRef = 0FD3053629B0978A00651B1D /* TrendingReposTests.swift */; };
		0FD3054129B0978A00651B1D /* TrendingReposUITests.swift in Sources */ = {isa = PBXBuildFile; fileRef = 0FD3054029B0978A00651B1D /* TrendingReposUITests.swift */; };
		0FD3054329B0978A00651B1D /* TrendingReposUITestsLaunchTests.swift in Sources */ = {isa = PBXBuildFile; fileRef = 0FD3054229B0978A00651B1D /* TrendingReposUITestsLaunchTests.swift */; };
		0FD3055429B0AF5200651B1D /* ViewInspector in Frameworks */ = {isa = PBXBuildFile; productRef = 0FD3055329B0AF5200651B1D /* ViewInspector */; };
		0FD3055C29B0B7B200651B1D /* Shimmer in Frameworks */ = {isa = PBXBuildFile; productRef = 0FD3055B29B0B7B200651B1D /* Shimmer */; };
		0FD3055E29B0DED100651B1D /* Row.swift in Sources */ = {isa = PBXBuildFile; fileRef = 0FD3055D29B0DED100651B1D /* Row.swift */; };
/* End PBXBuildFile section */

/* Begin PBXContainerItemProxy section */
		0FD3053329B0978900651B1D /* PBXContainerItemProxy */ = {
			isa = PBXContainerItemProxy;
			containerPortal = 0FD3051429B0978800651B1D /* Project object */;
			proxyType = 1;
			remoteGlobalIDString = 0FD3051B29B0978800651B1D;
			remoteInfo = TrendingGithubRepos;
		};
		0FD3053D29B0978A00651B1D /* PBXContainerItemProxy */ = {
			isa = PBXContainerItemProxy;
			containerPortal = 0FD3051429B0978800651B1D /* Project object */;
			proxyType = 1;
			remoteGlobalIDString = 0FD3051B29B0978800651B1D;
			remoteInfo = TrendingGithubRepos;
		};
/* End PBXContainerItemProxy section */

/* Begin PBXFileReference section */
		0F15F9B129BB60EF00D4A5EB /* View Modifiers.swift */ = {isa = PBXFileReference; lastKnownFileType = sourcecode.swift; path = "View Modifiers.swift"; sourceTree = "<group>"; };
		0F24E0E429B1E21F0068463F /* AppURLS.swift */ = {isa = PBXFileReference; lastKnownFileType = sourcecode.swift; path = AppURLS.swift; sourceTree = "<group>"; };
		0F24E0E629B1FDF00068463F /* Strings.swift */ = {isa = PBXFileReference; lastKnownFileType = sourcecode.swift; path = Strings.swift; sourceTree = "<group>"; };
		0F3E3F4929BC9E6100B300A0 /* Service.swift */ = {isa = PBXFileReference; lastKnownFileType = sourcecode.swift; path = Service.swift; sourceTree = "<group>"; };
		0F3E3F4B29BCA5C000B300A0 /* NetworkServiceTests.swift */ = {isa = PBXFileReference; lastKnownFileType = sourcecode.swift; path = NetworkServiceTests.swift; sourceTree = "<group>"; };
		0F3E3F4F29BDF99700B300A0 /* Network Monitor.swift */ = {isa = PBXFileReference; lastKnownFileType = sourcecode.swift; path = "Network Monitor.swift"; sourceTree = "<group>"; };
		0F3E3F5929BDFF8200B300A0 /* LottieView.swift */ = {isa = PBXFileReference; lastKnownFileType = sourcecode.swift; path = LottieView.swift; sourceTree = "<group>"; };
		0F45321029B7C10500D0B7BA /* TrendingGithubRepos.swift */ = {isa = PBXFileReference; fileEncoding = 4; lastKnownFileType = sourcecode.swift; path = TrendingGithubRepos.swift; sourceTree = "<group>"; };
		0F69419129BB8C60000A48A3 /* Info.plist */ = {isa = PBXFileReference; lastKnownFileType = text.plist; path = Info.plist; sourceTree = "<group>"; };
		0F73228029B72E5100048023 /* Inspection.swift */ = {isa = PBXFileReference; lastKnownFileType = sourcecode.swift; path = Inspection.swift; sourceTree = SOURCE_ROOT; };
		0F73228429B7308C00048023 /* Inspectable+Model.swift */ = {isa = PBXFileReference; lastKnownFileType = sourcecode.swift; path = "Inspectable+Model.swift"; sourceTree = "<group>"; };
		0F8C72E529B9E5BC006E9F31 /* Model.swift */ = {isa = PBXFileReference; lastKnownFileType = sourcecode.swift; path = Model.swift; sourceTree = "<group>"; };
		0F99643C29BE210E00B551D9 /* request_failed_retry.json */ = {isa = PBXFileReference; fileEncoding = 4; lastKnownFileType = text.json; path = request_failed_retry.json; sourceTree = "<group>"; };
		0FBACB5029BB794C004C12F9 /* SceneDelegate.swift */ = {isa = PBXFileReference; lastKnownFileType = sourcecode.swift; path = SceneDelegate.swift; sourceTree = "<group>"; };
		0FD3051C29B0978800651B1D /* TrendingRepos.app */ = {isa = PBXFileReference; explicitFileType = wrapper.application; includeInIndex = 0; path = TrendingRepos.app; sourceTree = BUILT_PRODUCTS_DIR; };
		0FD3051F29B0978800651B1D /* TrendingGithubReposApp.swift */ = {isa = PBXFileReference; lastKnownFileType = sourcecode.swift; path = TrendingGithubReposApp.swift; sourceTree = "<group>"; };
		0FD3052129B0978800651B1D /* PersistenceManager.swift */ = {isa = PBXFileReference; lastKnownFileType = sourcecode.swift; path = PersistenceManager.swift; sourceTree = "<group>"; };
		0FD3052429B0978800651B1D /* TrendingGithubRepos.xcdatamodel */ = {isa = PBXFileReference; lastKnownFileType = wrapper.xcdatamodel; path = TrendingGithubRepos.xcdatamodel; sourceTree = "<group>"; };
		0FD3052629B0978800651B1D /* TrendingReposView.swift */ = {isa = PBXFileReference; lastKnownFileType = sourcecode.swift; path = TrendingReposView.swift; sourceTree = "<group>"; };
		0FD3052829B0978900651B1D /* Assets.xcassets */ = {isa = PBXFileReference; lastKnownFileType = folder.assetcatalog; path = Assets.xcassets; sourceTree = "<group>"; };
		0FD3052A29B0978900651B1D /* TrendingRepos.entitlements */ = {isa = PBXFileReference; lastKnownFileType = text.plist.entitlements; path = TrendingRepos.entitlements; sourceTree = "<group>"; };
		0FD3052C29B0978900651B1D /* Preview Assets.xcassets */ = {isa = PBXFileReference; lastKnownFileType = folder.assetcatalog; path = "Preview Assets.xcassets"; sourceTree = "<group>"; };
		0FD3053229B0978900651B1D /* TrendingReposTests.xctest */ = {isa = PBXFileReference; explicitFileType = wrapper.cfbundle; includeInIndex = 0; path = TrendingReposTests.xctest; sourceTree = BUILT_PRODUCTS_DIR; };
		0FD3053629B0978A00651B1D /* TrendingReposTests.swift */ = {isa = PBXFileReference; lastKnownFileType = sourcecode.swift; path = TrendingReposTests.swift; sourceTree = "<group>"; };
		0FD3053C29B0978A00651B1D /* TrendingReposUITests.xctest */ = {isa = PBXFileReference; explicitFileType = wrapper.cfbundle; includeInIndex = 0; path = TrendingReposUITests.xctest; sourceTree = BUILT_PRODUCTS_DIR; };
		0FD3054029B0978A00651B1D /* TrendingReposUITests.swift */ = {isa = PBXFileReference; lastKnownFileType = sourcecode.swift; path = TrendingReposUITests.swift; sourceTree = "<group>"; };
		0FD3054229B0978A00651B1D /* TrendingReposUITestsLaunchTests.swift */ = {isa = PBXFileReference; lastKnownFileType = sourcecode.swift; path = TrendingReposUITestsLaunchTests.swift; sourceTree = "<group>"; };
		0FD3055D29B0DED100651B1D /* Row.swift */ = {isa = PBXFileReference; lastKnownFileType = sourcecode.swift; path = Row.swift; sourceTree = "<group>"; };
/* End PBXFileReference section */

/* Begin PBXFrameworksBuildPhase section */
		0FD3051929B0978800651B1D /* Frameworks */ = {
			isa = PBXFrameworksBuildPhase;
			buildActionMask = 2147483647;
			files = (
				0F99643929BE1E5600B551D9 /* Lottie in Frameworks */,
				0F4C522F29BBB567004DAC22 /* URLImage in Frameworks */,
				0F4C523129BBB567004DAC22 /* URLImageStore in Frameworks */,
				0FD3055C29B0B7B200651B1D /* Shimmer in Frameworks */,
			);
			runOnlyForDeploymentPostprocessing = 0;
		};
		0FD3052F29B0978900651B1D /* Frameworks */ = {
			isa = PBXFrameworksBuildPhase;
			buildActionMask = 2147483647;
			files = (
				0FD3055429B0AF5200651B1D /* ViewInspector in Frameworks */,
				0F99643B29BE1F8A00B551D9 /* Lottie in Frameworks */,
			);
			runOnlyForDeploymentPostprocessing = 0;
		};
		0FD3053929B0978A00651B1D /* Frameworks */ = {
			isa = PBXFrameworksBuildPhase;
			buildActionMask = 2147483647;
			files = (
			);
			runOnlyForDeploymentPostprocessing = 0;
		};
/* End PBXFrameworksBuildPhase section */

/* Begin PBXGroup section */
		0F24E0E329B1E1FC0068463F /* Help */ = {
			isa = PBXGroup;
			children = (
				0F73228029B72E5100048023 /* Inspection.swift */,
				0F24E0E429B1E21F0068463F /* AppURLS.swift */,
				0F3E3F4F29BDF99700B300A0 /* Network Monitor.swift */,
			);
			path = Help;
			sourceTree = "<group>";
		};
		0F45320F29B7C0C400D0B7BA /* ViewModel */ = {
			isa = PBXGroup;
			children = (
				0F45321029B7C10500D0B7BA /* TrendingGithubRepos.swift */,
			);
			path = ViewModel;
			sourceTree = "<group>";
		};
		0F710BBD29BE147100A24A42 /* Model */ = {
			isa = PBXGroup;
			children = (
				0F8C72E529B9E5BC006E9F31 /* Model.swift */,
			);
			path = Model;
			sourceTree = "<group>";
		};
		0F710BBE29BE149800A24A42 /* Service */ = {
			isa = PBXGroup;
			children = (
				0F3E3F4929BC9E6100B300A0 /* Service.swift */,
			);
			path = Service;
			sourceTree = "<group>";
		};
		0F710BBF29BE14AF00A24A42 /* LottieFiles */ = {
			isa = PBXGroup;
			children = (
				0F99643C29BE210E00B551D9 /* request_failed_retry.json */,
			);
			path = LottieFiles;
			sourceTree = "<group>";
		};
		0F710BC029BE14F400A24A42 /* Custom */ = {
			isa = PBXGroup;
			children = (
				0F3E3F5929BDFF8200B300A0 /* LottieView.swift */,
			);
			path = Custom;
			sourceTree = "<group>";
		};
		0F710BC129BE150100A24A42 /* Main */ = {
			isa = PBXGroup;
			children = (
				0FD3051F29B0978800651B1D /* TrendingGithubReposApp.swift */,
				0FD3052629B0978800651B1D /* TrendingReposView.swift */,
			);
			path = Main;
			sourceTree = "<group>";
		};
		0FC8FE1129BB8E650066A7EE /* Backward Compatibility */ = {
			isa = PBXGroup;
			children = (
				0FBACB5029BB794C004C12F9 /* SceneDelegate.swift */,
				0F15F9B129BB60EF00D4A5EB /* View Modifiers.swift */,
			);
			path = "Backward Compatibility";
			sourceTree = "<group>";
		};
		0FD3051329B0978800651B1D = {
			isa = PBXGroup;
			children = (
				0FD3051E29B0978800651B1D /* TrendingRepos */,
				0FD3053529B0978900651B1D /* TrendingReposTests */,
				0FD3053F29B0978A00651B1D /* TrendingReposUITests */,
				0FD3051D29B0978800651B1D /* Products */,
				0FD3055229B0AF5200651B1D /* Frameworks */,
			);
			sourceTree = "<group>";
		};
		0FD3051D29B0978800651B1D /* Products */ = {
			isa = PBXGroup;
			children = (
				0FD3051C29B0978800651B1D /* TrendingRepos.app */,
				0FD3053229B0978900651B1D /* TrendingReposTests.xctest */,
				0FD3053C29B0978A00651B1D /* TrendingReposUITests.xctest */,
			);
			name = Products;
			sourceTree = "<group>";
		};
		0FD3051E29B0978800651B1D /* TrendingRepos */ = {
			isa = PBXGroup;
			children = (
				0F69419129BB8C60000A48A3 /* Info.plist */,
				0F24E0E629B1FDF00068463F /* Strings.swift */,
				0F710BBD29BE147100A24A42 /* Model */,
				0FD3052129B0978800651B1D /* PersistenceManager.swift */,
				0F710BBE29BE149800A24A42 /* Service */,
				0F24E0E329B1E1FC0068463F /* Help */,
				0F45320F29B7C0C400D0B7BA /* ViewModel */,
				0FD3056729B0E56100651B1D /* Views */,
				0FD3052829B0978900651B1D /* Assets.xcassets */,
				0F710BBF29BE14AF00A24A42 /* LottieFiles */,
				0FD3052A29B0978900651B1D /* TrendingRepos.entitlements */,
				0FD3052329B0978800651B1D /* TrendingRepos.xcdatamodeld */,
				0FD3052B29B0978900651B1D /* Preview Content */,
			);
			path = TrendingRepos;
			sourceTree = "<group>";
		};
		0FD3052B29B0978900651B1D /* Preview Content */ = {
			isa = PBXGroup;
			children = (
				0FD3052C29B0978900651B1D /* Preview Assets.xcassets */,
			);
			path = "Preview Content";
			sourceTree = "<group>";
		};
		0FD3053529B0978900651B1D /* TrendingReposTests */ = {
			isa = PBXGroup;
			children = (
				0FD3053629B0978A00651B1D /* TrendingReposTests.swift */,
				0F3E3F4B29BCA5C000B300A0 /* NetworkServiceTests.swift */,
				0F73228429B7308C00048023 /* Inspectable+Model.swift */,
			);
			path = TrendingReposTests;
			sourceTree = "<group>";
		};
		0FD3053F29B0978A00651B1D /* TrendingReposUITests */ = {
			isa = PBXGroup;
			children = (
				0FD3054029B0978A00651B1D /* TrendingReposUITests.swift */,
				0FD3054229B0978A00651B1D /* TrendingReposUITestsLaunchTests.swift */,
			);
			path = TrendingReposUITests;
			sourceTree = "<group>";
		};
		0FD3055229B0AF5200651B1D /* Frameworks */ = {
			isa = PBXGroup;
			children = (
			);
			name = Frameworks;
			sourceTree = "<group>";
		};
		0FD3056729B0E56100651B1D /* Views */ = {
			isa = PBXGroup;
			children = (
				0F710BC129BE150100A24A42 /* Main */,
				0F710BC029BE14F400A24A42 /* Custom */,
				0FC8FE1129BB8E650066A7EE /* Backward Compatibility */,
				0FD3056829B0E57200651B1D /* Components */,
			);
			path = Views;
			sourceTree = "<group>";
		};
		0FD3056829B0E57200651B1D /* Components */ = {
			isa = PBXGroup;
			children = (
				0FD3055D29B0DED100651B1D /* Row.swift */,
			);
			path = Components;
			sourceTree = "<group>";
		};
/* End PBXGroup section */

/* Begin PBXNativeTarget section */
		0FD3051B29B0978800651B1D /* TrendingRepos */ = {
			isa = PBXNativeTarget;
			buildConfigurationList = 0FD3054629B0978A00651B1D /* Build configuration list for PBXNativeTarget "TrendingRepos" */;
			buildPhases = (
				0FD3051829B0978800651B1D /* Sources */,
				0FD3051929B0978800651B1D /* Frameworks */,
				0FD3051A29B0978800651B1D /* Resources */,
			);
			buildRules = (
			);
			dependencies = (
			);
			name = TrendingRepos;
			packageProductDependencies = (
				0FD3055B29B0B7B200651B1D /* Shimmer */,
				0F4C522E29BBB567004DAC22 /* URLImage */,
				0F4C523029BBB567004DAC22 /* URLImageStore */,
				0F99643829BE1E5600B551D9 /* Lottie */,
			);
			productName = TrendingGithubRepos;
			productReference = 0FD3051C29B0978800651B1D /* TrendingRepos.app */;
			productType = "com.apple.product-type.application";
		};
		0FD3053129B0978900651B1D /* TrendingReposTests */ = {
			isa = PBXNativeTarget;
			buildConfigurationList = 0FD3054929B0978A00651B1D /* Build configuration list for PBXNativeTarget "TrendingReposTests" */;
			buildPhases = (
				0FD3052E29B0978900651B1D /* Sources */,
				0FD3052F29B0978900651B1D /* Frameworks */,
				0FD3053029B0978900651B1D /* Resources */,
			);
			buildRules = (
			);
			dependencies = (
				0FD3053429B0978900651B1D /* PBXTargetDependency */,
			);
			name = TrendingReposTests;
			packageProductDependencies = (
				0FD3055329B0AF5200651B1D /* ViewInspector */,
				0F99643A29BE1F8A00B551D9 /* Lottie */,
			);
			productName = TrendingGithubReposTests;
			productReference = 0FD3053229B0978900651B1D /* TrendingReposTests.xctest */;
			productType = "com.apple.product-type.bundle.unit-test";
		};
		0FD3053B29B0978A00651B1D /* TrendingReposUITests */ = {
			isa = PBXNativeTarget;
			buildConfigurationList = 0FD3054C29B0978A00651B1D /* Build configuration list for PBXNativeTarget "TrendingReposUITests" */;
			buildPhases = (
				0FD3053829B0978A00651B1D /* Sources */,
				0FD3053929B0978A00651B1D /* Frameworks */,
				0FD3053A29B0978A00651B1D /* Resources */,
			);
			buildRules = (
			);
			dependencies = (
				0FD3053E29B0978A00651B1D /* PBXTargetDependency */,
			);
			name = TrendingReposUITests;
			productName = TrendingGithubReposUITests;
			productReference = 0FD3053C29B0978A00651B1D /* TrendingReposUITests.xctest */;
			productType = "com.apple.product-type.bundle.ui-testing";
		};
/* End PBXNativeTarget section */

/* Begin PBXProject section */
		0FD3051429B0978800651B1D /* Project object */ = {
			isa = PBXProject;
			attributes = {
				BuildIndependentTargetsInParallel = 1;
				LastSwiftUpdateCheck = 1410;
				LastUpgradeCheck = 1410;
				TargetAttributes = {
					0FD3051B29B0978800651B1D = {
						CreatedOnToolsVersion = 14.1;
					};
					0FD3053129B0978900651B1D = {
						CreatedOnToolsVersion = 14.1;
						TestTargetID = 0FD3051B29B0978800651B1D;
					};
					0FD3053B29B0978A00651B1D = {
						CreatedOnToolsVersion = 14.1;
						TestTargetID = 0FD3051B29B0978800651B1D;
					};
				};
			};
			buildConfigurationList = 0FD3051729B0978800651B1D /* Build configuration list for PBXProject "TrendingRepos" */;
			compatibilityVersion = "Xcode 14.0";
			developmentRegion = en;
			hasScannedForEncodings = 0;
			knownRegions = (
				en,
				Base,
			);
			mainGroup = 0FD3051329B0978800651B1D;
			packageReferences = (
				0FD3054F29B0A39F00651B1D /* XCRemoteSwiftPackageReference "ViewInspector" */,
				0FD3055A29B0B7B200651B1D /* XCRemoteSwiftPackageReference "SwiftUI-Shimmer" */,
				0F4C522D29BBB567004DAC22 /* XCRemoteSwiftPackageReference "url-image" */,
				0F99643729BE1E5600B551D9 /* XCRemoteSwiftPackageReference "lottie-ios" */,
			);
			productRefGroup = 0FD3051D29B0978800651B1D /* Products */;
			projectDirPath = "";
			projectRoot = "";
			targets = (
				0FD3051B29B0978800651B1D /* TrendingRepos */,
				0FD3053129B0978900651B1D /* TrendingReposTests */,
				0FD3053B29B0978A00651B1D /* TrendingReposUITests */,
			);
		};
/* End PBXProject section */

/* Begin PBXResourcesBuildPhase section */
		0FD3051A29B0978800651B1D /* Resources */ = {
			isa = PBXResourcesBuildPhase;
			buildActionMask = 2147483647;
			files = (
				0FD3052D29B0978900651B1D /* Preview Assets.xcassets in Resources */,
				0FD3052929B0978900651B1D /* Assets.xcassets in Resources */,
				0F99643D29BE210E00B551D9 /* request_failed_retry.json in Resources */,
			);
			runOnlyForDeploymentPostprocessing = 0;
		};
		0FD3053029B0978900651B1D /* Resources */ = {
			isa = PBXResourcesBuildPhase;
			buildActionMask = 2147483647;
			files = (
			);
			runOnlyForDeploymentPostprocessing = 0;
		};
		0FD3053A29B0978A00651B1D /* Resources */ = {
			isa = PBXResourcesBuildPhase;
			buildActionMask = 2147483647;
			files = (
			);
			runOnlyForDeploymentPostprocessing = 0;
		};
/* End PBXResourcesBuildPhase section */

/* Begin PBXSourcesBuildPhase section */
		0FD3051829B0978800651B1D /* Sources */ = {
			isa = PBXSourcesBuildPhase;
			buildActionMask = 2147483647;
			files = (
				0FD3052029B0978800651B1D /* TrendingGithubReposApp.swift in Sources */,
				0F3E3F5A29BDFF8200B300A0 /* LottieView.swift in Sources */,
				0F3E3F4A29BC9E6100B300A0 /* Service.swift in Sources */,
				0F45321129B7C10500D0B7BA /* TrendingGithubRepos.swift in Sources */,
				0FD3052529B0978800651B1D /* TrendingRepos.xcdatamodeld in Sources */,
				0F15F9B229BB60EF00D4A5EB /* View Modifiers.swift in Sources */,
				0F24E0E729B1FDF00068463F /* Strings.swift in Sources */,
				0F24E0E529B1E21F0068463F /* AppURLS.swift in Sources */,
				0FD3052729B0978800651B1D /* TrendingReposView.swift in Sources */,
				0FBACB5129BB794C004C12F9 /* SceneDelegate.swift in Sources */,
				0FD3055E29B0DED100651B1D /* Row.swift in Sources */,
				0F3E3F5029BDF99700B300A0 /* Network Monitor.swift in Sources */,
				0F8C72E629B9E5BC006E9F31 /* Model.swift in Sources */,
				0F73228129B72E5100048023 /* Inspection.swift in Sources */,
				0FD3052229B0978800651B1D /* PersistenceManager.swift in Sources */,
			);
			runOnlyForDeploymentPostprocessing = 0;
		};
		0FD3052E29B0978900651B1D /* Sources */ = {
			isa = PBXSourcesBuildPhase;
			buildActionMask = 2147483647;
			files = (
				0F3E3F4C29BCA5C000B300A0 /* NetworkServiceTests.swift in Sources */,
				0F73228529B7308C00048023 /* Inspectable+Model.swift in Sources */,
				0FD3053729B0978A00651B1D /* TrendingReposTests.swift in Sources */,
			);
			runOnlyForDeploymentPostprocessing = 0;
		};
		0FD3053829B0978A00651B1D /* Sources */ = {
			isa = PBXSourcesBuildPhase;
			buildActionMask = 2147483647;
			files = (
				0FD3054329B0978A00651B1D /* TrendingReposUITestsLaunchTests.swift in Sources */,
				0FD3054129B0978A00651B1D /* TrendingReposUITests.swift in Sources */,
			);
			runOnlyForDeploymentPostprocessing = 0;
		};
/* End PBXSourcesBuildPhase section */

/* Begin PBXTargetDependency section */
		0FD3053429B0978900651B1D /* PBXTargetDependency */ = {
			isa = PBXTargetDependency;
			target = 0FD3051B29B0978800651B1D /* TrendingRepos */;
			targetProxy = 0FD3053329B0978900651B1D /* PBXContainerItemProxy */;
		};
		0FD3053E29B0978A00651B1D /* PBXTargetDependency */ = {
			isa = PBXTargetDependency;
			target = 0FD3051B29B0978800651B1D /* TrendingRepos */;
			targetProxy = 0FD3053D29B0978A00651B1D /* PBXContainerItemProxy */;
		};
/* End PBXTargetDependency section */

/* Begin XCBuildConfiguration section */
		0FD3054429B0978A00651B1D /* Debug */ = {
			isa = XCBuildConfiguration;
			buildSettings = {
				ALWAYS_SEARCH_USER_PATHS = NO;
				CLANG_ANALYZER_NONNULL = YES;
				CLANG_ANALYZER_NUMBER_OBJECT_CONVERSION = YES_AGGRESSIVE;
				CLANG_CXX_LANGUAGE_STANDARD = "gnu++20";
				CLANG_ENABLE_MODULES = YES;
				CLANG_ENABLE_OBJC_ARC = YES;
				CLANG_ENABLE_OBJC_WEAK = YES;
				CLANG_WARN_BLOCK_CAPTURE_AUTORELEASING = YES;
				CLANG_WARN_BOOL_CONVERSION = YES;
				CLANG_WARN_COMMA = YES;
				CLANG_WARN_CONSTANT_CONVERSION = YES;
				CLANG_WARN_DEPRECATED_OBJC_IMPLEMENTATIONS = YES;
				CLANG_WARN_DIRECT_OBJC_ISA_USAGE = YES_ERROR;
				CLANG_WARN_DOCUMENTATION_COMMENTS = YES;
				CLANG_WARN_EMPTY_BODY = YES;
				CLANG_WARN_ENUM_CONVERSION = YES;
				CLANG_WARN_INFINITE_RECURSION = YES;
				CLANG_WARN_INT_CONVERSION = YES;
				CLANG_WARN_NON_LITERAL_NULL_CONVERSION = YES;
				CLANG_WARN_OBJC_IMPLICIT_RETAIN_SELF = YES;
				CLANG_WARN_OBJC_LITERAL_CONVERSION = YES;
				CLANG_WARN_OBJC_ROOT_CLASS = YES_ERROR;
				CLANG_WARN_QUOTED_INCLUDE_IN_FRAMEWORK_HEADER = YES;
				CLANG_WARN_RANGE_LOOP_ANALYSIS = YES;
				CLANG_WARN_STRICT_PROTOTYPES = YES;
				CLANG_WARN_SUSPICIOUS_MOVE = YES;
				CLANG_WARN_UNGUARDED_AVAILABILITY = YES_AGGRESSIVE;
				CLANG_WARN_UNREACHABLE_CODE = YES;
				CLANG_WARN__DUPLICATE_METHOD_MATCH = YES;
				COPY_PHASE_STRIP = NO;
				DEBUG_INFORMATION_FORMAT = dwarf;
				ENABLE_STRICT_OBJC_MSGSEND = YES;
				ENABLE_TESTABILITY = YES;
				GCC_C_LANGUAGE_STANDARD = gnu11;
				GCC_DYNAMIC_NO_PIC = NO;
				GCC_NO_COMMON_BLOCKS = YES;
				GCC_OPTIMIZATION_LEVEL = 0;
				GCC_PREPROCESSOR_DEFINITIONS = (
					"DEBUG=1",
					"$(inherited)",
				);
				GCC_WARN_64_TO_32_BIT_CONVERSION = YES;
				GCC_WARN_ABOUT_RETURN_TYPE = YES_ERROR;
				GCC_WARN_UNDECLARED_SELECTOR = YES;
				GCC_WARN_UNINITIALIZED_AUTOS = YES_AGGRESSIVE;
				GCC_WARN_UNUSED_FUNCTION = YES;
				GCC_WARN_UNUSED_VARIABLE = YES;
				IPHONEOS_DEPLOYMENT_TARGET = 13.0;
				MACOSX_DEPLOYMENT_TARGET = 13.0;
				MTL_ENABLE_DEBUG_INFO = INCLUDE_SOURCE;
				MTL_FAST_MATH = YES;
				ONLY_ACTIVE_ARCH = YES;
				SWIFT_ACTIVE_COMPILATION_CONDITIONS = DEBUG;
				SWIFT_OPTIMIZATION_LEVEL = "-Onone";
			};
			name = Debug;
		};
		0FD3054529B0978A00651B1D /* Release */ = {
			isa = XCBuildConfiguration;
			buildSettings = {
				ALWAYS_SEARCH_USER_PATHS = NO;
				CLANG_ANALYZER_NONNULL = YES;
				CLANG_ANALYZER_NUMBER_OBJECT_CONVERSION = YES_AGGRESSIVE;
				CLANG_CXX_LANGUAGE_STANDARD = "gnu++20";
				CLANG_ENABLE_MODULES = YES;
				CLANG_ENABLE_OBJC_ARC = YES;
				CLANG_ENABLE_OBJC_WEAK = YES;
				CLANG_WARN_BLOCK_CAPTURE_AUTORELEASING = YES;
				CLANG_WARN_BOOL_CONVERSION = YES;
				CLANG_WARN_COMMA = YES;
				CLANG_WARN_CONSTANT_CONVERSION = YES;
				CLANG_WARN_DEPRECATED_OBJC_IMPLEMENTATIONS = YES;
				CLANG_WARN_DIRECT_OBJC_ISA_USAGE = YES_ERROR;
				CLANG_WARN_DOCUMENTATION_COMMENTS = YES;
				CLANG_WARN_EMPTY_BODY = YES;
				CLANG_WARN_ENUM_CONVERSION = YES;
				CLANG_WARN_INFINITE_RECURSION = YES;
				CLANG_WARN_INT_CONVERSION = YES;
				CLANG_WARN_NON_LITERAL_NULL_CONVERSION = YES;
				CLANG_WARN_OBJC_IMPLICIT_RETAIN_SELF = YES;
				CLANG_WARN_OBJC_LITERAL_CONVERSION = YES;
				CLANG_WARN_OBJC_ROOT_CLASS = YES_ERROR;
				CLANG_WARN_QUOTED_INCLUDE_IN_FRAMEWORK_HEADER = YES;
				CLANG_WARN_RANGE_LOOP_ANALYSIS = YES;
				CLANG_WARN_STRICT_PROTOTYPES = YES;
				CLANG_WARN_SUSPICIOUS_MOVE = YES;
				CLANG_WARN_UNGUARDED_AVAILABILITY = YES_AGGRESSIVE;
				CLANG_WARN_UNREACHABLE_CODE = YES;
				CLANG_WARN__DUPLICATE_METHOD_MATCH = YES;
				COPY_PHASE_STRIP = NO;
				DEBUG_INFORMATION_FORMAT = "dwarf-with-dsym";
				ENABLE_NS_ASSERTIONS = NO;
				ENABLE_STRICT_OBJC_MSGSEND = YES;
				GCC_C_LANGUAGE_STANDARD = gnu11;
				GCC_NO_COMMON_BLOCKS = YES;
				GCC_WARN_64_TO_32_BIT_CONVERSION = YES;
				GCC_WARN_ABOUT_RETURN_TYPE = YES_ERROR;
				GCC_WARN_UNDECLARED_SELECTOR = YES;
				GCC_WARN_UNINITIALIZED_AUTOS = YES_AGGRESSIVE;
				GCC_WARN_UNUSED_FUNCTION = YES;
				GCC_WARN_UNUSED_VARIABLE = YES;
				IPHONEOS_DEPLOYMENT_TARGET = 13.0;
				MACOSX_DEPLOYMENT_TARGET = 13.0;
				MTL_ENABLE_DEBUG_INFO = NO;
				MTL_FAST_MATH = YES;
				SWIFT_COMPILATION_MODE = wholemodule;
				SWIFT_OPTIMIZATION_LEVEL = "-O";
			};
			name = Release;
		};
		0FD3054729B0978A00651B1D /* Debug */ = {
			isa = XCBuildConfiguration;
			buildSettings = {
				ASSETCATALOG_COMPILER_APPICON_NAME = AppIcon;
				ASSETCATALOG_COMPILER_GLOBAL_ACCENT_COLOR_NAME = AccentColor;
				CODE_SIGN_ENTITLEMENTS = TrendingRepos/TrendingRepos.entitlements;
				CODE_SIGN_STYLE = Automatic;
				CURRENT_PROJECT_VERSION = 1;
				DEVELOPMENT_ASSET_PATHS = "\"TrendingRepos/Preview Content\"";
				ENABLE_PREVIEWS = YES;
				GENERATE_INFOPLIST_FILE = YES;
				INFOPLIST_FILE = TrendingRepos/Info.plist;
				"INFOPLIST_KEY_UIApplicationSceneManifest_Generation[sdk=iphoneos*]" = YES;
				"INFOPLIST_KEY_UIApplicationSceneManifest_Generation[sdk=iphonesimulator*]" = YES;
				"INFOPLIST_KEY_UIApplicationSupportsIndirectInputEvents[sdk=iphoneos*]" = YES;
				"INFOPLIST_KEY_UIApplicationSupportsIndirectInputEvents[sdk=iphonesimulator*]" = YES;
				"INFOPLIST_KEY_UILaunchScreen_Generation[sdk=iphoneos*]" = YES;
				"INFOPLIST_KEY_UILaunchScreen_Generation[sdk=iphonesimulator*]" = YES;
				"INFOPLIST_KEY_UIStatusBarStyle[sdk=iphoneos*]" = UIStatusBarStyleDefault;
				"INFOPLIST_KEY_UIStatusBarStyle[sdk=iphonesimulator*]" = UIStatusBarStyleDefault;
				INFOPLIST_KEY_UISupportedInterfaceOrientations = UIInterfaceOrientationPortrait;
				IPHONEOS_DEPLOYMENT_TARGET = 13.0;
				LD_RUNPATH_SEARCH_PATHS = "@executable_path/Frameworks";
				"LD_RUNPATH_SEARCH_PATHS[sdk=macosx*]" = "@executable_path/../Frameworks";
				MACOSX_DEPLOYMENT_TARGET = 13.0;
				MARKETING_VERSION = 1.0;
				PRODUCT_BUNDLE_IDENTIFIER = com.saad.TrendingGithubRepos;
				PRODUCT_NAME = "$(TARGET_NAME)";
				SDKROOT = auto;
				SUPPORTED_PLATFORMS = "iphoneos iphonesimulator macosx";
				SWIFT_EMIT_LOC_STRINGS = YES;
				SWIFT_VERSION = 5.0;
				TARGETED_DEVICE_FAMILY = "1,2";
			};
			name = Debug;
		};
		0FD3054829B0978A00651B1D /* Release */ = {
			isa = XCBuildConfiguration;
			buildSettings = {
				ASSETCATALOG_COMPILER_APPICON_NAME = AppIcon;
				ASSETCATALOG_COMPILER_GLOBAL_ACCENT_COLOR_NAME = AccentColor;
				CODE_SIGN_ENTITLEMENTS = TrendingRepos/TrendingRepos.entitlements;
				CODE_SIGN_STYLE = Automatic;
				CURRENT_PROJECT_VERSION = 1;
				DEVELOPMENT_ASSET_PATHS = "\"TrendingRepos/Preview Content\"";
				ENABLE_PREVIEWS = YES;
				GENERATE_INFOPLIST_FILE = YES;
				INFOPLIST_FILE = TrendingRepos/Info.plist;
				"INFOPLIST_KEY_UIApplicationSceneManifest_Generation[sdk=iphoneos*]" = YES;
				"INFOPLIST_KEY_UIApplicationSceneManifest_Generation[sdk=iphonesimulator*]" = YES;
				"INFOPLIST_KEY_UIApplicationSupportsIndirectInputEvents[sdk=iphoneos*]" = YES;
				"INFOPLIST_KEY_UIApplicationSupportsIndirectInputEvents[sdk=iphonesimulator*]" = YES;
				"INFOPLIST_KEY_UILaunchScreen_Generation[sdk=iphoneos*]" = YES;
				"INFOPLIST_KEY_UILaunchScreen_Generation[sdk=iphonesimulator*]" = YES;
				"INFOPLIST_KEY_UIStatusBarStyle[sdk=iphoneos*]" = UIStatusBarStyleDefault;
				"INFOPLIST_KEY_UIStatusBarStyle[sdk=iphonesimulator*]" = UIStatusBarStyleDefault;
				INFOPLIST_KEY_UISupportedInterfaceOrientations = UIInterfaceOrientationPortrait;
				IPHONEOS_DEPLOYMENT_TARGET = 13.0;
				LD_RUNPATH_SEARCH_PATHS = "@executable_path/Frameworks";
				"LD_RUNPATH_SEARCH_PATHS[sdk=macosx*]" = "@executable_path/../Frameworks";
				MACOSX_DEPLOYMENT_TARGET = 13.0;
				MARKETING_VERSION = 1.0;
				PRODUCT_BUNDLE_IDENTIFIER = com.saad.TrendingGithubRepos;
				PRODUCT_NAME = "$(TARGET_NAME)";
				SDKROOT = auto;
				SUPPORTED_PLATFORMS = "iphoneos iphonesimulator macosx";
				SWIFT_EMIT_LOC_STRINGS = YES;
				SWIFT_VERSION = 5.0;
				TARGETED_DEVICE_FAMILY = "1,2";
			};
			name = Release;
		};
		0FD3054A29B0978A00651B1D /* Debug */ = {
			isa = XCBuildConfiguration;
			buildSettings = {
				ALWAYS_EMBED_SWIFT_STANDARD_LIBRARIES = YES;
				BUNDLE_LOADER = "$(TEST_HOST)";
				CODE_SIGN_STYLE = Automatic;
				CURRENT_PROJECT_VERSION = 1;
				GENERATE_INFOPLIST_FILE = YES;
				IPHONEOS_DEPLOYMENT_TARGET = 13.0;
				MACOSX_DEPLOYMENT_TARGET = 13.0;
				MARKETING_VERSION = 1.0;
				PRODUCT_BUNDLE_IDENTIFIER = com.saad.TrendingGithubReposTests;
				PRODUCT_NAME = "$(TARGET_NAME)";
				SDKROOT = auto;
				SUPPORTED_PLATFORMS = "iphoneos iphonesimulator macosx";
				SWIFT_EMIT_LOC_STRINGS = NO;
				SWIFT_VERSION = 5.0;
				TARGETED_DEVICE_FAMILY = "1,2";
				TEST_HOST = "$(BUILT_PRODUCTS_DIR)/TrendingRepos.app/$(BUNDLE_EXECUTABLE_FOLDER_PATH)/TrendingRepos";
			};
			name = Debug;
		};
		0FD3054B29B0978A00651B1D /* Release */ = {
			isa = XCBuildConfiguration;
			buildSettings = {
				ALWAYS_EMBED_SWIFT_STANDARD_LIBRARIES = YES;
				BUNDLE_LOADER = "$(TEST_HOST)";
				CODE_SIGN_STYLE = Automatic;
				CURRENT_PROJECT_VERSION = 1;
				GENERATE_INFOPLIST_FILE = YES;
				IPHONEOS_DEPLOYMENT_TARGET = 13.0;
				MACOSX_DEPLOYMENT_TARGET = 13.0;
				MARKETING_VERSION = 1.0;
				PRODUCT_BUNDLE_IDENTIFIER = com.saad.TrendingGithubReposTests;
				PRODUCT_NAME = "$(TARGET_NAME)";
				SDKROOT = auto;
				SUPPORTED_PLATFORMS = "iphoneos iphonesimulator macosx";
				SWIFT_EMIT_LOC_STRINGS = NO;
				SWIFT_VERSION = 5.0;
				TARGETED_DEVICE_FAMILY = "1,2";
				TEST_HOST = "$(BUILT_PRODUCTS_DIR)/TrendingRepos.app/$(BUNDLE_EXECUTABLE_FOLDER_PATH)/TrendingRepos";
			};
			name = Release;
		};
		0FD3054D29B0978A00651B1D /* Debug */ = {
			isa = XCBuildConfiguration;
			buildSettings = {
				ALWAYS_EMBED_SWIFT_STANDARD_LIBRARIES = YES;
				CODE_SIGN_STYLE = Automatic;
				CURRENT_PROJECT_VERSION = 1;
				GENERATE_INFOPLIST_FILE = YES;
				IPHONEOS_DEPLOYMENT_TARGET = 13.0;
				MACOSX_DEPLOYMENT_TARGET = 13.0;
				MARKETING_VERSION = 1.0;
				PRODUCT_BUNDLE_IDENTIFIER = com.saad.TrendingGithubReposUITests;
				PRODUCT_NAME = "$(TARGET_NAME)";
				PROVISIONING_PROFILE = "";
				SDKROOT = auto;
				SUPPORTED_PLATFORMS = "iphoneos iphonesimulator macosx";
				SWIFT_EMIT_LOC_STRINGS = NO;
				SWIFT_VERSION = 5.0;
				TARGETED_DEVICE_FAMILY = "1,2";
				TEST_TARGET_NAME = TrendingRepos;
			};
			name = Debug;
		};
		0FD3054E29B0978A00651B1D /* Release */ = {
			isa = XCBuildConfiguration;
			buildSettings = {
				ALWAYS_EMBED_SWIFT_STANDARD_LIBRARIES = YES;
				CODE_SIGN_STYLE = Automatic;
				CURRENT_PROJECT_VERSION = 1;
				GENERATE_INFOPLIST_FILE = YES;
				IPHONEOS_DEPLOYMENT_TARGET = 13.0;
				MACOSX_DEPLOYMENT_TARGET = 13.0;
				MARKETING_VERSION = 1.0;
				PRODUCT_BUNDLE_IDENTIFIER = com.saad.TrendingGithubReposUITests;
				PRODUCT_NAME = "$(TARGET_NAME)";
				PROVISIONING_PROFILE = "";
				SDKROOT = auto;
				SUPPORTED_PLATFORMS = "iphoneos iphonesimulator macosx";
				SWIFT_EMIT_LOC_STRINGS = NO;
				SWIFT_VERSION = 5.0;
				TARGETED_DEVICE_FAMILY = "1,2";
				TEST_TARGET_NAME = TrendingRepos;
			};
			name = Release;
		};
/* End XCBuildConfiguration section */

/* Begin XCConfigurationList section */
		0FD3051729B0978800651B1D /* Build configuration list for PBXProject "TrendingRepos" */ = {
			isa = XCConfigurationList;
			buildConfigurations = (
				0FD3054429B0978A00651B1D /* Debug */,
				0FD3054529B0978A00651B1D /* Release */,
			);
			defaultConfigurationIsVisible = 0;
			defaultConfigurationName = Release;
		};
		0FD3054629B0978A00651B1D /* Build configuration list for PBXNativeTarget "TrendingRepos" */ = {
			isa = XCConfigurationList;
			buildConfigurations = (
				0FD3054729B0978A00651B1D /* Debug */,
				0FD3054829B0978A00651B1D /* Release */,
			);
			defaultConfigurationIsVisible = 0;
			defaultConfigurationName = Release;
		};
		0FD3054929B0978A00651B1D /* Build configuration list for PBXNativeTarget "TrendingReposTests" */ = {
			isa = XCConfigurationList;
			buildConfigurations = (
				0FD3054A29B0978A00651B1D /* Debug */,
				0FD3054B29B0978A00651B1D /* Release */,
			);
			defaultConfigurationIsVisible = 0;
			defaultConfigurationName = Release;
		};
		0FD3054C29B0978A00651B1D /* Build configuration list for PBXNativeTarget "TrendingReposUITests" */ = {
			isa = XCConfigurationList;
			buildConfigurations = (
				0FD3054D29B0978A00651B1D /* Debug */,
				0FD3054E29B0978A00651B1D /* Release */,
			);
			defaultConfigurationIsVisible = 0;
			defaultConfigurationName = Release;
		};
/* End XCConfigurationList section */

/* Begin XCRemoteSwiftPackageReference section */
		0F4C522D29BBB567004DAC22 /* XCRemoteSwiftPackageReference "url-image" */ = {
			isa = XCRemoteSwiftPackageReference;
			repositoryURL = "https://github.com/dmytro-anokhin/url-image.git";
			requirement = {
				kind = upToNextMajorVersion;
				minimumVersion = 3.0.0;
			};
		};
		0F99643729BE1E5600B551D9 /* XCRemoteSwiftPackageReference "lottie-ios" */ = {
			isa = XCRemoteSwiftPackageReference;
			repositoryURL = "https://github.com/airbnb/lottie-ios";
			requirement = {
				kind = upToNextMajorVersion;
				minimumVersion = 4.0.0;
			};
		};
		0FD3054F29B0A39F00651B1D /* XCRemoteSwiftPackageReference "ViewInspector" */ = {
			isa = XCRemoteSwiftPackageReference;
			repositoryURL = "https://github.com/nalexn/ViewInspector.git";
			requirement = {
				kind = upToNextMajorVersion;
				minimumVersion = 0.9.5;
			};
		};
		0FD3055A29B0B7B200651B1D /* XCRemoteSwiftPackageReference "SwiftUI-Shimmer" */ = {
			isa = XCRemoteSwiftPackageReference;
			repositoryURL = "https://github.com/markiv/SwiftUI-Shimmer.git";
			requirement = {
				kind = upToNextMajorVersion;
				minimumVersion = 1.0.0;
			};
		};
/* End XCRemoteSwiftPackageReference section */

/* Begin XCSwiftPackageProductDependency section */
		0F4C522E29BBB567004DAC22 /* URLImage */ = {
			isa = XCSwiftPackageProductDependency;
			package = 0F4C522D29BBB567004DAC22 /* XCRemoteSwiftPackageReference "url-image" */;
			productName = URLImage;
		};
		0F4C523029BBB567004DAC22 /* URLImageStore */ = {
			isa = XCSwiftPackageProductDependency;
			package = 0F4C522D29BBB567004DAC22 /* XCRemoteSwiftPackageReference "url-image" */;
			productName = URLImageStore;
		};
		0F99643829BE1E5600B551D9 /* Lottie */ = {
			isa = XCSwiftPackageProductDependency;
			package = 0F99643729BE1E5600B551D9 /* XCRemoteSwiftPackageReference "lottie-ios" */;
			productName = Lottie;
		};
		0F99643A29BE1F8A00B551D9 /* Lottie */ = {
			isa = XCSwiftPackageProductDependency;
			package = 0F99643729BE1E5600B551D9 /* XCRemoteSwiftPackageReference "lottie-ios" */;
			productName = Lottie;
		};
		0FD3055329B0AF5200651B1D /* ViewInspector */ = {
			isa = XCSwiftPackageProductDependency;
			package = 0FD3054F29B0A39F00651B1D /* XCRemoteSwiftPackageReference "ViewInspector" */;
			productName = ViewInspector;
		};
		0FD3055B29B0B7B200651B1D /* Shimmer */ = {
			isa = XCSwiftPackageProductDependency;
			package = 0FD3055A29B0B7B200651B1D /* XCRemoteSwiftPackageReference "SwiftUI-Shimmer" */;
			productName = Shimmer;
		};
/* End XCSwiftPackageProductDependency section */

/* Begin XCVersionGroup section */
		0FD3052329B0978800651B1D /* TrendingRepos.xcdatamodeld */ = {
			isa = XCVersionGroup;
			children = (
				0FD3052429B0978800651B1D /* TrendingGithubRepos.xcdatamodel */,
			);
			currentVersion = 0FD3052429B0978800651B1D /* TrendingGithubRepos.xcdatamodel */;
			path = TrendingRepos.xcdatamodeld;
			sourceTree = "<group>";
			versionGroupType = wrapper.xcdatamodel;
		};
/* End XCVersionGroup section */
	};
	rootObject = 0FD3051429B0978800651B1D /* Project object */;
}
